
Microsoft Visual Studio Solution File, Format Version 12.00
# Visual Studio Version 16
VisualStudioVersion = 16.0.29009.5
MinimumVisualStudioVersion = 10.0.40219.1
Project("{FAE04EC0-301F-11D3-BF4B-00C04F79EFBC}") = "TrampolineSPA", "TrampolineSPA\TrampolineSPA.csproj", "{31EBAC91-CA1C-459E-95DA-2D8CCF6E722A}"
EndProject
Global
	GlobalSection(SolutionConfigurationPlatforms) = preSolution
		Debug|Any CPU = Debug|Any CPU
		Release|Any CPU = Release|Any CPU
	EndGlobalSection
	GlobalSection(ProjectConfigurationPlatforms) = postSolution
		{31EBAC91-CA1C-459E-95DA-2D8CCF6E722A}.Debug|Any CPU.ActiveCfg = Debug|Any CPU
		{31EBAC91-CA1C-459E-95DA-2D8CCF6E722A}.Debug|Any CPU.Build.0 = Debug|Any CPU
		{31EBAC91-CA1C-459E-95DA-2D8CCF6E722A}.Release|Any CPU.ActiveCfg = Release|Any CPU
		{31EBAC91-CA1C-459E-95DA-2D8CCF6E722A}.Release|Any CPU.Build.0 = Release|Any CPU
	EndGlobalSection
	GlobalSection(SolutionProperties) = preSolution
		HideSolutionNode = FALSE
	EndGlobalSection
	GlobalSection(ExtensibilityGlobals) = postSolution
		SolutionGuid = {EA9D6670-5133-4F15-A0C2-90680D6ED5B1}
	EndGlobalSection
EndGlobal
